// !$*UTF8*$!
{
	archiveVersion = 1;
	classes = {
	};
	objectVersion = 55;
	objects = {

/* Begin PBXBuildFile section */
		95B8870628E3B34B0073C115 /* tv.mp3 in Resources */ = {isa = PBXBuildFile; fileRef = 95B8870528E3B34B0073C115 /* tv.mp3 */; };
		95B8870828E3B36A0073C115 /* secador.mp3 in Resources */ = {isa = PBXBuildFile; fileRef = 95B8870728E3B36A0073C115 /* secador.mp3 */; };
		95B8870A28E3B3A00073C115 /* mar.mp3 in Resources */ = {isa = PBXBuildFile; fileRef = 95B8870928E3B3A00073C115 /* mar.mp3 */; };
		95B8870C28E3B3B40073C115 /* chuva.mp3 in Resources */ = {isa = PBXBuildFile; fileRef = 95B8870B28E3B3B30073C115 /* chuva.mp3 */; };
		95B8870E28E435070073C115 /* shh.mp3 in Resources */ = {isa = PBXBuildFile; fileRef = 95B8870D28E435070073C115 /* shh.mp3 */; };
		A417EFD628D3ADB2009A4721 /* CircleLap.swift in Sources */ = {isa = PBXBuildFile; fileRef = A417EFD528D3ADB2009A4721 /* CircleLap.swift */; };
		A448267228C1352C00EE27B5 /* ruidosModel.swift in Sources */ = {isa = PBXBuildFile; fileRef = A448267128C1352C00EE27B5 /* ruidosModel.swift */; };
		A448267428C1359B00EE27B5 /* TelaInicial.swift in Sources */ = {isa = PBXBuildFile; fileRef = A448267328C1359B00EE27B5 /* TelaInicial.swift */; };
		A46F125228DB74190043961E /* HalfASheet in Frameworks */ = {isa = PBXBuildFile; productRef = A46F125128DB74190043961E /* HalfASheet */; };
		A47A52DC28DB8D1400C9934C /* aspirador.mp3 in Resources */ = {isa = PBXBuildFile; fileRef = A47A52D128DB8D1300C9934C /* aspirador.mp3 */; };
		A47A52DD28DB8D1400C9934C /* coracao.mp3 in Resources */ = {isa = PBXBuildFile; fileRef = A47A52D228DB8D1300C9934C /* coracao.mp3 */; };
		A47A52DE28DB8D1400C9934C /* ronrom.mp3 in Resources */ = {isa = PBXBuildFile; fileRef = A47A52D328DB8D1300C9934C /* ronrom.mp3 */; };
		A47A52E028DB8D1400C9934C /* utero.mp3 in Resources */ = {isa = PBXBuildFile; fileRef = A47A52D528DB8D1400C9934C /* utero.mp3 */; };
		A47A52E128DB8D1400C9934C /* vento.mp3 in Resources */ = {isa = PBXBuildFile; fileRef = A47A52D628DB8D1400C9934C /* vento.mp3 */; };
		A47A52E328DB8D1400C9934C /* lagoa.mp3 in Resources */ = {isa = PBXBuildFile; fileRef = A47A52D828DB8D1400C9934C /* lagoa.mp3 */; };
		A47A52E428DB8D1400C9934C /* lareira.mp3 in Resources */ = {isa = PBXBuildFile; fileRef = A47A52D928DB8D1400C9934C /* lareira.mp3 */; };
		A47A52E628DB8E2E00C9934C /* AudioManager.swift in Sources */ = {isa = PBXBuildFile; fileRef = A47A52E528DB8E2E00C9934C /* AudioManager.swift */; };
		A4D2202328CFABE600BAC9EE /* ViewModel.swift in Sources */ = {isa = PBXBuildFile; fileRef = A4D2202228CFABE600BAC9EE /* ViewModel.swift */; };
		A4D2202628CFACFA00BAC9EE /* SegundaTela.swift in Sources */ = {isa = PBXBuildFile; fileRef = A4D2202528CFACFA00BAC9EE /* SegundaTela.swift */; };
		A4F8BD6928E21AA900DEDEDE /* FontsFree-Net-SF-Pro-Rounded-Bold.ttf in Resources */ = {isa = PBXBuildFile; fileRef = A4F8BD6828E21A8200DEDEDE /* FontsFree-Net-SF-Pro-Rounded-Bold.ttf */; };
		A4F8BD6B28E21E6F00DEDEDE /* Launch Screen.storyboard in Resources */ = {isa = PBXBuildFile; fileRef = A4F8BD6A28E21E6F00DEDEDE /* Launch Screen.storyboard */; };
		B993992F28EF497F0038608B /* NotificationController.swift in Sources */ = {isa = PBXBuildFile; fileRef = B993992E28EF497F0038608B /* NotificationController.swift */; };
		B9EED67128D255DF00ED4237 /* Sensor.swift in Sources */ = {isa = PBXBuildFile; fileRef = B9EED67028D255DF00ED4237 /* Sensor.swift */; };
		B9EED67328D2597F00ED4237 /* PickerScreen.swift in Sources */ = {isa = PBXBuildFile; fileRef = B9EED67228D2597F00ED4237 /* PickerScreen.swift */; };
		B9F3B58928BD3A9100EB2170 /* Mini_01App.swift in Sources */ = {isa = PBXBuildFile; fileRef = B9F3B58828BD3A9100EB2170 /* Mini_01App.swift */; };
		B9F3B58B28BD3A9100EB2170 /* ContentView.swift in Sources */ = {isa = PBXBuildFile; fileRef = B9F3B58A28BD3A9100EB2170 /* ContentView.swift */; };
		B9F3B58D28BD3A9200EB2170 /* Assets.xcassets in Resources */ = {isa = PBXBuildFile; fileRef = B9F3B58C28BD3A9200EB2170 /* Assets.xcassets */; };
		B9F3B59028BD3A9200EB2170 /* Preview Assets.xcassets in Resources */ = {isa = PBXBuildFile; fileRef = B9F3B58F28BD3A9200EB2170 /* Preview Assets.xcassets */; };
		B9F3B59B28BD448400EB2170 /* ToolBar.swift in Sources */ = {isa = PBXBuildFile; fileRef = B9F3B59A28BD448400EB2170 /* ToolBar.swift */; };
/* End PBXBuildFile section */

/* Begin PBXFileReference section */
		95B8870528E3B34B0073C115 /* tv.mp3 */ = {isa = PBXFileReference; lastKnownFileType = audio.mp3; path = tv.mp3; sourceTree = "<group>"; };
		95B8870728E3B36A0073C115 /* secador.mp3 */ = {isa = PBXFileReference; lastKnownFileType = audio.mp3; path = secador.mp3; sourceTree = "<group>"; };
		95B8870928E3B3A00073C115 /* mar.mp3 */ = {isa = PBXFileReference; lastKnownFileType = audio.mp3; path = mar.mp3; sourceTree = "<group>"; };
		95B8870B28E3B3B30073C115 /* chuva.mp3 */ = {isa = PBXFileReference; lastKnownFileType = audio.mp3; path = chuva.mp3; sourceTree = "<group>"; };
		95B8870D28E435070073C115 /* shh.mp3 */ = {isa = PBXFileReference; lastKnownFileType = audio.mp3; path = shh.mp3; sourceTree = "<group>"; };
		A417EFD528D3ADB2009A4721 /* CircleLap.swift */ = {isa = PBXFileReference; lastKnownFileType = sourcecode.swift; path = CircleLap.swift; sourceTree = "<group>"; };
		A448267128C1352C00EE27B5 /* ruidosModel.swift */ = {isa = PBXFileReference; lastKnownFileType = sourcecode.swift; path = ruidosModel.swift; sourceTree = "<group>"; };
		A448267328C1359B00EE27B5 /* TelaInicial.swift */ = {isa = PBXFileReference; lastKnownFileType = sourcecode.swift; path = TelaInicial.swift; sourceTree = "<group>"; };
		A47A52D128DB8D1300C9934C /* aspirador.mp3 */ = {isa = PBXFileReference; lastKnownFileType = audio.mp3; path = aspirador.mp3; sourceTree = "<group>"; };
		A47A52D228DB8D1300C9934C /* coracao.mp3 */ = {isa = PBXFileReference; lastKnownFileType = audio.mp3; path = coracao.mp3; sourceTree = "<group>"; };
		A47A52D328DB8D1300C9934C /* ronrom.mp3 */ = {isa = PBXFileReference; lastKnownFileType = audio.mp3; path = ronrom.mp3; sourceTree = "<group>"; };
		A47A52D528DB8D1400C9934C /* utero.mp3 */ = {isa = PBXFileReference; lastKnownFileType = audio.mp3; path = utero.mp3; sourceTree = "<group>"; };
		A47A52D628DB8D1400C9934C /* vento.mp3 */ = {isa = PBXFileReference; lastKnownFileType = audio.mp3; path = vento.mp3; sourceTree = "<group>"; };
		A47A52D828DB8D1400C9934C /* lagoa.mp3 */ = {isa = PBXFileReference; lastKnownFileType = audio.mp3; path = lagoa.mp3; sourceTree = "<group>"; };
		A47A52D928DB8D1400C9934C /* lareira.mp3 */ = {isa = PBXFileReference; lastKnownFileType = audio.mp3; path = lareira.mp3; sourceTree = "<group>"; };
		A47A52E528DB8E2E00C9934C /* AudioManager.swift */ = {isa = PBXFileReference; lastKnownFileType = sourcecode.swift; path = AudioManager.swift; sourceTree = "<group>"; };
		A4D2202228CFABE600BAC9EE /* ViewModel.swift */ = {isa = PBXFileReference; lastKnownFileType = sourcecode.swift; path = ViewModel.swift; sourceTree = "<group>"; };
		A4D2202528CFACFA00BAC9EE /* SegundaTela.swift */ = {isa = PBXFileReference; lastKnownFileType = sourcecode.swift; path = SegundaTela.swift; sourceTree = "<group>"; };
		A4F8BD6828E21A8200DEDEDE /* FontsFree-Net-SF-Pro-Rounded-Bold.ttf */ = {isa = PBXFileReference; lastKnownFileType = file; path = "FontsFree-Net-SF-Pro-Rounded-Bold.ttf"; sourceTree = "<group>"; };
		A4F8BD6A28E21E6F00DEDEDE /* Launch Screen.storyboard */ = {isa = PBXFileReference; lastKnownFileType = file.storyboard; path = "Launch Screen.storyboard"; sourceTree = "<group>"; };
		B993992E28EF497F0038608B /* NotificationController.swift */ = {isa = PBXFileReference; lastKnownFileType = sourcecode.swift; path = NotificationController.swift; sourceTree = "<group>"; };
		B9EED67028D255DF00ED4237 /* Sensor.swift */ = {isa = PBXFileReference; lastKnownFileType = sourcecode.swift; path = Sensor.swift; sourceTree = "<group>"; };
		B9EED67228D2597F00ED4237 /* PickerScreen.swift */ = {isa = PBXFileReference; lastKnownFileType = sourcecode.swift; path = PickerScreen.swift; sourceTree = "<group>"; };
		B9F3B58528BD3A9100EB2170 /* Mini#01.app */ = {isa = PBXFileReference; explicitFileType = wrapper.application; includeInIndex = 0; path = "Mini#01.app"; sourceTree = BUILT_PRODUCTS_DIR; };
		B9F3B58828BD3A9100EB2170 /* Mini_01App.swift */ = {isa = PBXFileReference; lastKnownFileType = sourcecode.swift; path = Mini_01App.swift; sourceTree = "<group>"; };
		B9F3B58A28BD3A9100EB2170 /* ContentView.swift */ = {isa = PBXFileReference; lastKnownFileType = sourcecode.swift; path = ContentView.swift; sourceTree = "<group>"; };
		B9F3B58C28BD3A9200EB2170 /* Assets.xcassets */ = {isa = PBXFileReference; lastKnownFileType = folder.assetcatalog; path = Assets.xcassets; sourceTree = "<group>"; };
		B9F3B58F28BD3A9200EB2170 /* Preview Assets.xcassets */ = {isa = PBXFileReference; lastKnownFileType = folder.assetcatalog; path = "Preview Assets.xcassets"; sourceTree = "<group>"; };
		B9F3B59A28BD448400EB2170 /* ToolBar.swift */ = {isa = PBXFileReference; lastKnownFileType = sourcecode.swift; path = ToolBar.swift; sourceTree = "<group>"; };
/* End PBXFileReference section */

/* Begin PBXFrameworksBuildPhase section */
		B9F3B58228BD3A9100EB2170 /* Frameworks */ = {
			isa = PBXFrameworksBuildPhase;
			buildActionMask = 2147483647;
			files = (
				A46F125228DB74190043961E /* HalfASheet in Frameworks */,
			);
			runOnlyForDeploymentPostprocessing = 0;
		};
/* End PBXFrameworksBuildPhase section */

/* Begin PBXGroup section */
		A47A52CE28DB8CF500C9934C /* Sons */ = {
			isa = PBXGroup;
			children = (
				95B8870928E3B3A00073C115 /* mar.mp3 */,
				95B8870728E3B36A0073C115 /* secador.mp3 */,
				95B8870528E3B34B0073C115 /* tv.mp3 */,
				95B8870B28E3B3B30073C115 /* chuva.mp3 */,
				A47A52D128DB8D1300C9934C /* aspirador.mp3 */,
				A47A52D228DB8D1300C9934C /* coracao.mp3 */,
				A47A52D828DB8D1400C9934C /* lagoa.mp3 */,
				A47A52D928DB8D1400C9934C /* lareira.mp3 */,
				95B8870D28E435070073C115 /* shh.mp3 */,
				A47A52D328DB8D1300C9934C /* ronrom.mp3 */,
				A47A52D528DB8D1400C9934C /* utero.mp3 */,
				A47A52D628DB8D1400C9934C /* vento.mp3 */,
			);
			path = Sons;
			sourceTree = "<group>";
		};
		A4D2202428CFAC2800BAC9EE /* SegundaTela */ = {
			isa = PBXGroup;
			children = (
				A4D2202528CFACFA00BAC9EE /* SegundaTela.swift */,
				B9EED67228D2597F00ED4237 /* PickerScreen.swift */,
				A417EFD528D3ADB2009A4721 /* CircleLap.swift */,
			);
			path = SegundaTela;
			sourceTree = "<group>";
		};
		B9F3B57C28BD3A9000EB2170 = {
			isa = PBXGroup;
			children = (
				B9F3B58728BD3A9100EB2170 /* Mini#01 */,
				B9F3B58628BD3A9100EB2170 /* Products */,
			);
			sourceTree = "<group>";
		};
		B9F3B58628BD3A9100EB2170 /* Products */ = {
			isa = PBXGroup;
			children = (
				B9F3B58528BD3A9100EB2170 /* Mini#01.app */,
			);
			name = Products;
			sourceTree = "<group>";
		};
		B9F3B58728BD3A9100EB2170 /* Mini#01 */ = {
			isa = PBXGroup;
			children = (
				B9F3B59628BD3A9F00EB2170 /* Model */,
				B9F3B59728BD3AA500EB2170 /* View */,
				B9F3B59828BD3AAA00EB2170 /* ViewModel */,
				B9F3B59928BD3B3400EB2170 /* Utils */,
				B9F3B58E28BD3A9200EB2170 /* Preview Content */,
			);
			path = "Mini#01";
			sourceTree = "<group>";
		};
		B9F3B58E28BD3A9200EB2170 /* Preview Content */ = {
			isa = PBXGroup;
			children = (
				B9F3B58F28BD3A9200EB2170 /* Preview Assets.xcassets */,
			);
			path = "Preview Content";
			sourceTree = "<group>";
		};
		B9F3B59628BD3A9F00EB2170 /* Model */ = {
			isa = PBXGroup;
			children = (
				A448267128C1352C00EE27B5 /* ruidosModel.swift */,
				B9EED67028D255DF00ED4237 /* Sensor.swift */,
				B993992E28EF497F0038608B /* NotificationController.swift */,
			);
			path = Model;
			sourceTree = "<group>";
		};
		B9F3B59728BD3AA500EB2170 /* View */ = {
			isa = PBXGroup;
			children = (
				A4D2202428CFAC2800BAC9EE /* SegundaTela */,
				B9F3B59C28BD580900EB2170 /* Home */,
			);
			path = View;
			sourceTree = "<group>";
		};
		B9F3B59828BD3AAA00EB2170 /* ViewModel */ = {
			isa = PBXGroup;
			children = (
				B9F3B58828BD3A9100EB2170 /* Mini_01App.swift */,
				A4D2202228CFABE600BAC9EE /* ViewModel.swift */,
				A47A52E528DB8E2E00C9934C /* AudioManager.swift */,
			);
			path = ViewModel;
			sourceTree = "<group>";
		};
		B9F3B59928BD3B3400EB2170 /* Utils */ = {
			isa = PBXGroup;
			children = (
				A4F8BD6828E21A8200DEDEDE /* FontsFree-Net-SF-Pro-Rounded-Bold.ttf */,
				A47A52CE28DB8CF500C9934C /* Sons */,
				B9F3B58C28BD3A9200EB2170 /* Assets.xcassets */,
			);
			path = Utils;
			sourceTree = "<group>";
		};
		B9F3B59C28BD580900EB2170 /* Home */ = {
			isa = PBXGroup;
			children = (
				B9F3B58A28BD3A9100EB2170 /* ContentView.swift */,
				B9F3B59A28BD448400EB2170 /* ToolBar.swift */,
				A448267328C1359B00EE27B5 /* TelaInicial.swift */,
				A4F8BD6A28E21E6F00DEDEDE /* Launch Screen.storyboard */,
			);
			path = Home;
			sourceTree = "<group>";
		};
/* End PBXGroup section */

/* Begin PBXNativeTarget section */
		B9F3B58428BD3A9100EB2170 /* Mini#01 */ = {
			isa = PBXNativeTarget;
			buildConfigurationList = B9F3B59328BD3A9200EB2170 /* Build configuration list for PBXNativeTarget "Mini#01" */;
			buildPhases = (
				B9F3B58128BD3A9100EB2170 /* Sources */,
				B9F3B58228BD3A9100EB2170 /* Frameworks */,
				B9F3B58328BD3A9100EB2170 /* Resources */,
			);
			buildRules = (
			);
			dependencies = (
			);
			name = "Mini#01";
			packageProductDependencies = (
				A46F125128DB74190043961E /* HalfASheet */,
			);
			productName = "Mini#01";
			productReference = B9F3B58528BD3A9100EB2170 /* Mini#01.app */;
			productType = "com.apple.product-type.application";
		};
/* End PBXNativeTarget section */

/* Begin PBXProject section */
		B9F3B57D28BD3A9000EB2170 /* Project object */ = {
			isa = PBXProject;
			attributes = {
				BuildIndependentTargetsInParallel = 1;
				LastSwiftUpdateCheck = 1320;
				LastUpgradeCheck = 1320;
				TargetAttributes = {
					B9F3B58428BD3A9100EB2170 = {
						CreatedOnToolsVersion = 13.2.1;
					};
				};
			};
			buildConfigurationList = B9F3B58028BD3A9000EB2170 /* Build configuration list for PBXProject "Mini#01" */;
			compatibilityVersion = "Xcode 13.0";
			developmentRegion = en;
			hasScannedForEncodings = 0;
			knownRegions = (
				en,
				Base,
			);
			mainGroup = B9F3B57C28BD3A9000EB2170;
			packageReferences = (
				A46F125028DB74190043961E /* XCRemoteSwiftPackageReference "HalfASheet" */,
			);
			productRefGroup = B9F3B58628BD3A9100EB2170 /* Products */;
			projectDirPath = "";
			projectRoot = "";
			targets = (
				B9F3B58428BD3A9100EB2170 /* Mini#01 */,
			);
		};
/* End PBXProject section */

/* Begin PBXResourcesBuildPhase section */
		B9F3B58328BD3A9100EB2170 /* Resources */ = {
			isa = PBXResourcesBuildPhase;
			buildActionMask = 2147483647;
			files = (
				B9F3B59028BD3A9200EB2170 /* Preview Assets.xcassets in Resources */,
				A4F8BD6928E21AA900DEDEDE /* FontsFree-Net-SF-Pro-Rounded-Bold.ttf in Resources */,
				A47A52DD28DB8D1400C9934C /* coracao.mp3 in Resources */,
				A47A52DC28DB8D1400C9934C /* aspirador.mp3 in Resources */,
				A47A52E128DB8D1400C9934C /* vento.mp3 in Resources */,
				B9F3B58D28BD3A9200EB2170 /* Assets.xcassets in Resources */,
				A47A52E428DB8D1400C9934C /* lareira.mp3 in Resources */,
				A4F8BD6B28E21E6F00DEDEDE /* Launch Screen.storyboard in Resources */,
				95B8870E28E435070073C115 /* shh.mp3 in Resources */,
				95B8870828E3B36A0073C115 /* secador.mp3 in Resources */,
				A47A52E028DB8D1400C9934C /* utero.mp3 in Resources */,
				A47A52DE28DB8D1400C9934C /* ronrom.mp3 in Resources */,
				95B8870A28E3B3A00073C115 /* mar.mp3 in Resources */,
				95B8870628E3B34B0073C115 /* tv.mp3 in Resources */,
				95B8870C28E3B3B40073C115 /* chuva.mp3 in Resources */,
				A47A52E328DB8D1400C9934C /* lagoa.mp3 in Resources */,
			);
			runOnlyForDeploymentPostprocessing = 0;
		};
/* End PBXResourcesBuildPhase section */

/* Begin PBXSourcesBuildPhase section */
		B9F3B58128BD3A9100EB2170 /* Sources */ = {
			isa = PBXSourcesBuildPhase;
			buildActionMask = 2147483647;
			files = (
				B9F3B59B28BD448400EB2170 /* ToolBar.swift in Sources */,
				B9EED67128D255DF00ED4237 /* Sensor.swift in Sources */,
				B9F3B58B28BD3A9100EB2170 /* ContentView.swift in Sources */,
				B9EED67328D2597F00ED4237 /* PickerScreen.swift in Sources */,
				A4D2202628CFACFA00BAC9EE /* SegundaTela.swift in Sources */,
				B9F3B58928BD3A9100EB2170 /* Mini_01App.swift in Sources */,
				B993992F28EF497F0038608B /* NotificationController.swift in Sources */,
				A448267228C1352C00EE27B5 /* ruidosModel.swift in Sources */,
				A4D2202328CFABE600BAC9EE /* ViewModel.swift in Sources */,
				A448267428C1359B00EE27B5 /* TelaInicial.swift in Sources */,
				A47A52E628DB8E2E00C9934C /* AudioManager.swift in Sources */,
				A417EFD628D3ADB2009A4721 /* CircleLap.swift in Sources */,
			);
			runOnlyForDeploymentPostprocessing = 0;
		};
/* End PBXSourcesBuildPhase section */

/* Begin XCBuildConfiguration section */
		B9F3B59128BD3A9200EB2170 /* Debug */ = {
			isa = XCBuildConfiguration;
			buildSettings = {
				ALWAYS_SEARCH_USER_PATHS = NO;
				CLANG_ANALYZER_NONNULL = YES;
				CLANG_ANALYZER_NUMBER_OBJECT_CONVERSION = YES_AGGRESSIVE;
				CLANG_CXX_LANGUAGE_STANDARD = "gnu++17";
				CLANG_CXX_LIBRARY = "libc++";
				CLANG_ENABLE_MODULES = YES;
				CLANG_ENABLE_OBJC_ARC = YES;
				CLANG_ENABLE_OBJC_WEAK = YES;
				CLANG_WARN_BLOCK_CAPTURE_AUTORELEASING = YES;
				CLANG_WARN_BOOL_CONVERSION = YES;
				CLANG_WARN_COMMA = YES;
				CLANG_WARN_CONSTANT_CONVERSION = YES;
				CLANG_WARN_DEPRECATED_OBJC_IMPLEMENTATIONS = YES;
				CLANG_WARN_DIRECT_OBJC_ISA_USAGE = YES_ERROR;
				CLANG_WARN_DOCUMENTATION_COMMENTS = YES;
				CLANG_WARN_EMPTY_BODY = YES;
				CLANG_WARN_ENUM_CONVERSION = YES;
				CLANG_WARN_INFINITE_RECURSION = YES;
				CLANG_WARN_INT_CONVERSION = YES;
				CLANG_WARN_NON_LITERAL_NULL_CONVERSION = YES;
				CLANG_WARN_OBJC_IMPLICIT_RETAIN_SELF = YES;
				CLANG_WARN_OBJC_LITERAL_CONVERSION = YES;
				CLANG_WARN_OBJC_ROOT_CLASS = YES_ERROR;
				CLANG_WARN_QUOTED_INCLUDE_IN_FRAMEWORK_HEADER = YES;
				CLANG_WARN_RANGE_LOOP_ANALYSIS = YES;
				CLANG_WARN_STRICT_PROTOTYPES = YES;
				CLANG_WARN_SUSPICIOUS_MOVE = YES;
				CLANG_WARN_UNGUARDED_AVAILABILITY = YES_AGGRESSIVE;
				CLANG_WARN_UNREACHABLE_CODE = YES;
				CLANG_WARN__DUPLICATE_METHOD_MATCH = YES;
				COPY_PHASE_STRIP = NO;
				DEBUG_INFORMATION_FORMAT = dwarf;
				ENABLE_STRICT_OBJC_MSGSEND = YES;
				ENABLE_TESTABILITY = YES;
				GCC_C_LANGUAGE_STANDARD = gnu11;
				GCC_DYNAMIC_NO_PIC = NO;
				GCC_NO_COMMON_BLOCKS = YES;
				GCC_OPTIMIZATION_LEVEL = 0;
				GCC_PREPROCESSOR_DEFINITIONS = (
					"DEBUG=1",
					"$(inherited)",
				);
				GCC_WARN_64_TO_32_BIT_CONVERSION = YES;
				GCC_WARN_ABOUT_RETURN_TYPE = YES_ERROR;
				GCC_WARN_UNDECLARED_SELECTOR = YES;
				GCC_WARN_UNINITIALIZED_AUTOS = YES_AGGRESSIVE;
				GCC_WARN_UNUSED_FUNCTION = YES;
				GCC_WARN_UNUSED_VARIABLE = YES;
				IPHONEOS_DEPLOYMENT_TARGET = 16.0;
				MTL_ENABLE_DEBUG_INFO = INCLUDE_SOURCE;
				MTL_FAST_MATH = YES;
				ONLY_ACTIVE_ARCH = YES;
				SDKROOT = iphoneos;
				SWIFT_ACTIVE_COMPILATION_CONDITIONS = DEBUG;
				SWIFT_OPTIMIZATION_LEVEL = "-Onone";
			};
			name = Debug;
		};
		B9F3B59228BD3A9200EB2170 /* Release */ = {
			isa = XCBuildConfiguration;
			buildSettings = {
				ALWAYS_SEARCH_USER_PATHS = NO;
				CLANG_ANALYZER_NONNULL = YES;
				CLANG_ANALYZER_NUMBER_OBJECT_CONVERSION = YES_AGGRESSIVE;
				CLANG_CXX_LANGUAGE_STANDARD = "gnu++17";
				CLANG_CXX_LIBRARY = "libc++";
				CLANG_ENABLE_MODULES = YES;
				CLANG_ENABLE_OBJC_ARC = YES;
				CLANG_ENABLE_OBJC_WEAK = YES;
				CLANG_WARN_BLOCK_CAPTURE_AUTORELEASING = YES;
				CLANG_WARN_BOOL_CONVERSION = YES;
				CLANG_WARN_COMMA = YES;
				CLANG_WARN_CONSTANT_CONVERSION = YES;
				CLANG_WARN_DEPRECATED_OBJC_IMPLEMENTATIONS = YES;
				CLANG_WARN_DIRECT_OBJC_ISA_USAGE = YES_ERROR;
				CLANG_WARN_DOCUMENTATION_COMMENTS = YES;
				CLANG_WARN_EMPTY_BODY = YES;
				CLANG_WARN_ENUM_CONVERSION = YES;
				CLANG_WARN_INFINITE_RECURSION = YES;
				CLANG_WARN_INT_CONVERSION = YES;
				CLANG_WARN_NON_LITERAL_NULL_CONVERSION = YES;
				CLANG_WARN_OBJC_IMPLICIT_RETAIN_SELF = YES;
				CLANG_WARN_OBJC_LITERAL_CONVERSION = YES;
				CLANG_WARN_OBJC_ROOT_CLASS = YES_ERROR;
				CLANG_WARN_QUOTED_INCLUDE_IN_FRAMEWORK_HEADER = YES;
				CLANG_WARN_RANGE_LOOP_ANALYSIS = YES;
				CLANG_WARN_STRICT_PROTOTYPES = YES;
				CLANG_WARN_SUSPICIOUS_MOVE = YES;
				CLANG_WARN_UNGUARDED_AVAILABILITY = YES_AGGRESSIVE;
				CLANG_WARN_UNREACHABLE_CODE = YES;
				CLANG_WARN__DUPLICATE_METHOD_MATCH = YES;
				COPY_PHASE_STRIP = NO;
				DEBUG_INFORMATION_FORMAT = "dwarf-with-dsym";
				ENABLE_NS_ASSERTIONS = NO;
				ENABLE_STRICT_OBJC_MSGSEND = YES;
				GCC_C_LANGUAGE_STANDARD = gnu11;
				GCC_NO_COMMON_BLOCKS = YES;
				GCC_WARN_64_TO_32_BIT_CONVERSION = YES;
				GCC_WARN_ABOUT_RETURN_TYPE = YES_ERROR;
				GCC_WARN_UNDECLARED_SELECTOR = YES;
				GCC_WARN_UNINITIALIZED_AUTOS = YES_AGGRESSIVE;
				GCC_WARN_UNUSED_FUNCTION = YES;
				GCC_WARN_UNUSED_VARIABLE = YES;
				IPHONEOS_DEPLOYMENT_TARGET = 16.0;
				MTL_ENABLE_DEBUG_INFO = NO;
				MTL_FAST_MATH = YES;
				SDKROOT = iphoneos;
				SWIFT_COMPILATION_MODE = wholemodule;
				SWIFT_OPTIMIZATION_LEVEL = "-O";
				VALIDATE_PRODUCT = YES;
			};
			name = Release;
		};
		B9F3B59428BD3A9200EB2170 /* Debug */ = {
			isa = XCBuildConfiguration;
			buildSettings = {
				ASSETCATALOG_COMPILER_APPICON_NAME = AppIcon;
				ASSETCATALOG_COMPILER_GLOBAL_ACCENT_COLOR_NAME = AccentColor;
				CODE_SIGN_STYLE = Automatic;
				CURRENT_PROJECT_VERSION = 1;
				DEVELOPMENT_ASSET_PATHS = "\"Mini#01/Preview Content\"";
				DEVELOPMENT_TEAM = 942Y8B46B9;
				ENABLE_PREVIEWS = YES;
				GENERATE_INFOPLIST_FILE = YES;
				INFOPLIST_FILE = "Mini-01-Info.plist";
				INFOPLIST_KEY_CFBundleDisplayName = Sonnus;
				INFOPLIST_KEY_LSApplicationCategoryType = "public.app-category.utilities";
				INFOPLIST_KEY_NSMicrophoneUsageDescription = "Sonnus necessita o uso do microfone para mediar o barulho no local";
				INFOPLIST_KEY_UIApplicationSupportsIndirectInputEvents = YES;
				INFOPLIST_KEY_UILaunchScreen_Generation = YES;
				INFOPLIST_KEY_UILaunchStoryboardName = "Launch Screen";
				INFOPLIST_KEY_UISupportedInterfaceOrientations = UIInterfaceOrientationPortrait;
				INFOPLIST_KEY_UISupportedInterfaceOrientations_iPad = "UIInterfaceOrientationPortrait UIInterfaceOrientationPortraitUpsideDown UIInterfaceOrientationLandscapeLeft UIInterfaceOrientationLandscapeRight";
				INFOPLIST_KEY_UISupportedInterfaceOrientations_iPhone = UIInterfaceOrientationPortrait;
				IPHONEOS_DEPLOYMENT_TARGET = 16.0;
				LD_RUNPATH_SEARCH_PATHS = (
					"$(inherited)",
					"@executable_path/Frameworks",
				);
				MARKETING_VERSION = 1.0;
				PRODUCT_BUNDLE_IDENTIFIER = Group6.Sonnus;
				PRODUCT_NAME = "$(TARGET_NAME)";
				SWIFT_EMIT_LOC_STRINGS = YES;
				SWIFT_VERSION = 5.0;
				TARGETED_DEVICE_FAMILY = 1;
			};
			name = Debug;
		};
		B9F3B59528BD3A9200EB2170 /* Release */ = {
			isa = XCBuildConfiguration;
			buildSettings = {
				ASSETCATALOG_COMPILER_APPICON_NAME = AppIcon;
				ASSETCATALOG_COMPILER_GLOBAL_ACCENT_COLOR_NAME = AccentColor;
				CODE_SIGN_STYLE = Automatic;
				CURRENT_PROJECT_VERSION = 1;
				DEVELOPMENT_ASSET_PATHS = "\"Mini#01/Preview Content\"";
				DEVELOPMENT_TEAM = 942Y8B46B9;
				ENABLE_PREVIEWS = YES;
				GENERATE_INFOPLIST_FILE = YES;
				INFOPLIST_FILE = "Mini-01-Info.plist";
				INFOPLIST_KEY_CFBundleDisplayName = Sonnus;
				INFOPLIST_KEY_LSApplicationCategoryType = "public.app-category.utilities";
				INFOPLIST_KEY_NSMicrophoneUsageDescription = "Sonnus necessita o uso do microfone para mediar o barulho no local";
				INFOPLIST_KEY_UIApplicationSupportsIndirectInputEvents = YES;
				INFOPLIST_KEY_UILaunchScreen_Generation = YES;
				INFOPLIST_KEY_UILaunchStoryboardName = "Launch Screen";
				INFOPLIST_KEY_UISupportedInterfaceOrientations = UIInterfaceOrientationPortrait;
				INFOPLIST_KEY_UISupportedInterfaceOrientations_iPad = "UIInterfaceOrientationPortrait UIInterfaceOrientationPortraitUpsideDown UIInterfaceOrientationLandscapeLeft UIInterfaceOrientationLandscapeRight";
				INFOPLIST_KEY_UISupportedInterfaceOrientations_iPhone = UIInterfaceOrientationPortrait;
				IPHONEOS_DEPLOYMENT_TARGET = 16.0;
				LD_RUNPATH_SEARCH_PATHS = (
					"$(inherited)",
					"@executable_path/Frameworks",
				);
				MARKETING_VERSION = 1.0;
				PRODUCT_BUNDLE_IDENTIFIER = Group6.Sonnus;
				PRODUCT_NAME = "$(TARGET_NAME)";
				SWIFT_EMIT_LOC_STRINGS = YES;
				SWIFT_VERSION = 5.0;
				TARGETED_DEVICE_FAMILY = 1;
			};
			name = Release;
		};
/* End XCBuildConfiguration section */

/* Begin XCConfigurationList section */
		B9F3B58028BD3A9000EB2170 /* Build configuration list for PBXProject "Mini#01" */ = {
			isa = XCConfigurationList;
			buildConfigurations = (
				B9F3B59128BD3A9200EB2170 /* Debug */,
				B9F3B59228BD3A9200EB2170 /* Release */,
			);
			defaultConfigurationIsVisible = 0;
			defaultConfigurationName = Release;
		};
		B9F3B59328BD3A9200EB2170 /* Build configuration list for PBXNativeTarget "Mini#01" */ = {
			isa = XCConfigurationList;
			buildConfigurations = (
				B9F3B59428BD3A9200EB2170 /* Debug */,
				B9F3B59528BD3A9200EB2170 /* Release */,
			);
			defaultConfigurationIsVisible = 0;
			defaultConfigurationName = Release;
		};
/* End XCConfigurationList section */

/* Begin XCRemoteSwiftPackageReference section */
		A46F125028DB74190043961E /* XCRemoteSwiftPackageReference "HalfASheet" */ = {
			isa = XCRemoteSwiftPackageReference;
			repositoryURL = "https://github.com/franklynw/HalfASheet.git";
			requirement = {
				branch = develop;
				kind = branch;
			};
		};
/* End XCRemoteSwiftPackageReference section */

/* Begin XCSwiftPackageProductDependency section */
		A46F125128DB74190043961E /* HalfASheet */ = {
			isa = XCSwiftPackageProductDependency;
			package = A46F125028DB74190043961E /* XCRemoteSwiftPackageReference "HalfASheet" */;
			productName = HalfASheet;
		};
/* End XCSwiftPackageProductDependency section */
	};
	rootObject = B9F3B57D28BD3A9000EB2170 /* Project object */;
}
